
Microsoft Visual Studio Solution File, Format Version 12.00
# Visual Studio Version 17
VisualStudioVersion = 17.2.32516.85
MinimumVisualStudioVersion = 10.0.40219.1
Project("{9A19103F-16F7-4668-BE54-9A1E7A4F7556}") = "PoorSkills.Commander", "source\PoorSkills.Commander\PoorSkills.Commander.csproj", "{54BEFDD4-0057-43E5-AE2C-907A45456613}"
EndProject
Project("{2150E333-8FDC-42A3-9474-1A3956D46DE8}") = "source", "source", "{24353614-F8B3-4235-81ED-2430B37D880A}"
EndProject
Project("{2150E333-8FDC-42A3-9474-1A3956D46DE8}") = "tests", "tests", "{92C35DAE-0036-44E8-868E-9CD1420CB566}"
EndProject
Project("{2150E333-8FDC-42A3-9474-1A3956D46DE8}") = "Solution Items", "Solution Items", "{8C124E74-CDA6-487D-858F-837D3FDAD710}"
	ProjectSection(SolutionItems) = preProject
		.gitignore = .gitignore
		Directory.Build.props = Directory.Build.props
	EndProjectSection
EndProject
Project("{9A19103F-16F7-4668-BE54-9A1E7A4F7556}") = "PoorSkills.Commander.StringReplacement", "source\PoorSkills.Commander.StringReplacement\PoorSkills.Commander.StringReplacement.csproj", "{D6C02F0D-EAAB-4EBC-A323-DF44E931A246}"
EndProject
Project("{9A19103F-16F7-4668-BE54-9A1E7A4F7556}") = "PoorSkills.Commander.Registror", "source\PoorSkills.Commander.Registror\PoorSkills.Commander.Registror.csproj", "{B850833A-C59E-4961-9F20-14ADD201F55D}"
EndProject
Project("{9A19103F-16F7-4668-BE54-9A1E7A4F7556}") = "PoorSkills.Commander.Tests", "tests\PoorSkills.Commander.Tests\PoorSkills.Commander.Tests.csproj", "{88EB3136-6A3B-4C54-8C25-28BC9C729211}"
EndProject
Project("{FAE04EC0-301F-11D3-BF4B-00C04F79EFBC}") = "PoorSkills.Commander.Copier", "source\PoorSkills.Commander.Copier\PoorSkills.Commander.Copier.csproj", "{587891A2-D996-491F-BCB2-4B99652E2724}"
EndProject
Global
	GlobalSection(SolutionConfigurationPlatforms) = preSolution
		Debug|Any CPU = Debug|Any CPU
		Release|Any CPU = Release|Any CPU
	EndGlobalSection
	GlobalSection(ProjectConfigurationPlatforms) = postSolution
		{54BEFDD4-0057-43E5-AE2C-907A45456613}.Debug|Any CPU.ActiveCfg = Debug|Any CPU
		{54BEFDD4-0057-43E5-AE2C-907A45456613}.Debug|Any CPU.Build.0 = Debug|Any CPU
		{54BEFDD4-0057-43E5-AE2C-907A45456613}.Release|Any CPU.ActiveCfg = Release|Any CPU
		{54BEFDD4-0057-43E5-AE2C-907A45456613}.Release|Any CPU.Build.0 = Release|Any CPU
		{D6C02F0D-EAAB-4EBC-A323-DF44E931A246}.Debug|Any CPU.ActiveCfg = Debug|Any CPU
		{D6C02F0D-EAAB-4EBC-A323-DF44E931A246}.Debug|Any CPU.Build.0 = Debug|Any CPU
		{D6C02F0D-EAAB-4EBC-A323-DF44E931A246}.Release|Any CPU.ActiveCfg = Release|Any CPU
		{D6C02F0D-EAAB-4EBC-A323-DF44E931A246}.Release|Any CPU.Build.0 = Release|Any CPU
		{B850833A-C59E-4961-9F20-14ADD201F55D}.Debug|Any CPU.ActiveCfg = Debug|Any CPU
		{B850833A-C59E-4961-9F20-14ADD201F55D}.Debug|Any CPU.Build.0 = Debug|Any CPU
		{B850833A-C59E-4961-9F20-14ADD201F55D}.Release|Any CPU.ActiveCfg = Release|Any CPU
		{B850833A-C59E-4961-9F20-14ADD201F55D}.Release|Any CPU.Build.0 = Release|Any CPU
		{88EB3136-6A3B-4C54-8C25-28BC9C729211}.Debug|Any CPU.ActiveCfg = Debug|Any CPU
		{88EB3136-6A3B-4C54-8C25-28BC9C729211}.Debug|Any CPU.Build.0 = Debug|Any CPU
		{88EB3136-6A3B-4C54-8C25-28BC9C729211}.Release|Any CPU.ActiveCfg = Release|Any CPU
		{88EB3136-6A3B-4C54-8C25-28BC9C729211}.Release|Any CPU.Build.0 = Release|Any CPU
		{587891A2-D996-491F-BCB2-4B99652E2724}.Debug|Any CPU.ActiveCfg = Debug|Any CPU
		{587891A2-D996-491F-BCB2-4B99652E2724}.Debug|Any CPU.Build.0 = Debug|Any CPU
		{587891A2-D996-491F-BCB2-4B99652E2724}.Release|Any CPU.ActiveCfg = Release|Any CPU
		{587891A2-D996-491F-BCB2-4B99652E2724}.Release|Any CPU.Build.0 = Release|Any CPU
	EndGlobalSection
	GlobalSection(SolutionProperties) = preSolution
		HideSolutionNode = FALSE
	EndGlobalSection
	GlobalSection(NestedProjects) = preSolution
		{54BEFDD4-0057-43E5-AE2C-907A45456613} = {24353614-F8B3-4235-81ED-2430B37D880A}
		{D6C02F0D-EAAB-4EBC-A323-DF44E931A246} = {24353614-F8B3-4235-81ED-2430B37D880A}
		{B850833A-C59E-4961-9F20-14ADD201F55D} = {24353614-F8B3-4235-81ED-2430B37D880A}
		{88EB3136-6A3B-4C54-8C25-28BC9C729211} = {92C35DAE-0036-44E8-868E-9CD1420CB566}
		{587891A2-D996-491F-BCB2-4B99652E2724} = {24353614-F8B3-4235-81ED-2430B37D880A}
	EndGlobalSection
	GlobalSection(ExtensibilityGlobals) = postSolution
		SolutionGuid = {24B3D519-0ECE-4B8B-8B2B-119E6537F042}
	EndGlobalSection
EndGlobal
